
Microsoft Visual Studio Solution File, Format Version 12.00
# Visual Studio 15
VisualStudioVersion = 15.0.26124.0
MinimumVisualStudioVersion = 15.0.26124.0
Project("{2150E333-8FDC-42A3-9474-1A3956D46DE8}") = "src", "src", "{7412E2A0-4863-4AAD-9232-0F63ACF8E170}"
EndProject
Project("{2150E333-8FDC-42A3-9474-1A3956D46DE8}") = "Services", "Services", "{9B110F5C-8221-45A6-B4D6-7A6894B91597}"
EndProject
Project("{2150E333-8FDC-42A3-9474-1A3956D46DE8}") = "Products", "Products", "{5D0F4892-6127-4F82-A932-1BFC0FAC4EEB}"
EndProject
Project("{FAE04EC0-301F-11D3-BF4B-00C04F79EFBC}") = "Products.Grpc", "src\Services\Products\Products.Grpc\Products.Grpc.csproj", "{49EB8EAB-6DEA-4F62-AF34-EB6CC9197368}"
EndProject
Global
	GlobalSection(SolutionConfigurationPlatforms) = preSolution
		Debug|Any CPU = Debug|Any CPU
		Debug|x64 = Debug|x64
		Debug|x86 = Debug|x86
		Release|Any CPU = Release|Any CPU
		Release|x64 = Release|x64
		Release|x86 = Release|x86
	EndGlobalSection
	GlobalSection(SolutionProperties) = preSolution
		HideSolutionNode = FALSE
	EndGlobalSection
	GlobalSection(ProjectConfigurationPlatforms) = postSolution
		{49EB8EAB-6DEA-4F62-AF34-EB6CC9197368}.Debug|Any CPU.ActiveCfg = Debug|Any CPU
		{49EB8EAB-6DEA-4F62-AF34-EB6CC9197368}.Debug|Any CPU.Build.0 = Debug|Any CPU
		{49EB8EAB-6DEA-4F62-AF34-EB6CC9197368}.Debug|x64.ActiveCfg = Debug|Any CPU
		{49EB8EAB-6DEA-4F62-AF34-EB6CC9197368}.Debug|x64.Build.0 = Debug|Any CPU
		{49EB8EAB-6DEA-4F62-AF34-EB6CC9197368}.Debug|x86.ActiveCfg = Debug|Any CPU
		{49EB8EAB-6DEA-4F62-AF34-EB6CC9197368}.Debug|x86.Build.0 = Debug|Any CPU
		{49EB8EAB-6DEA-4F62-AF34-EB6CC9197368}.Release|Any CPU.ActiveCfg = Release|Any CPU
		{49EB8EAB-6DEA-4F62-AF34-EB6CC9197368}.Release|Any CPU.Build.0 = Release|Any CPU
		{49EB8EAB-6DEA-4F62-AF34-EB6CC9197368}.Release|x64.ActiveCfg = Release|Any CPU
		{49EB8EAB-6DEA-4F62-AF34-EB6CC9197368}.Release|x64.Build.0 = Release|Any CPU
		{49EB8EAB-6DEA-4F62-AF34-EB6CC9197368}.Release|x86.ActiveCfg = Release|Any CPU
		{49EB8EAB-6DEA-4F62-AF34-EB6CC9197368}.Release|x86.Build.0 = Release|Any CPU
	EndGlobalSection
	GlobalSection(NestedProjects) = preSolution
		{9B110F5C-8221-45A6-B4D6-7A6894B91597} = {7412E2A0-4863-4AAD-9232-0F63ACF8E170}
		{5D0F4892-6127-4F82-A932-1BFC0FAC4EEB} = {9B110F5C-8221-45A6-B4D6-7A6894B91597}
		{49EB8EAB-6DEA-4F62-AF34-EB6CC9197368} = {5D0F4892-6127-4F82-A932-1BFC0FAC4EEB}
	EndGlobalSection
EndGlobal
